{
  "object": {
    "pins": [
      {
        "package": "Base32Kit",
        "repositoryURL": "https://github.com/jenslauterbach/Base32Kit.git",
        "state": {
          "branch": null,
          "revision": "34e7e2796cb8d791df6f9a275a858048fcf52700",
          "version": "0.2.1"
        }
      },
      {
        "package": "ConfettiSwiftUI",
        "repositoryURL": "https://github.com/simibac/ConfettiSwiftUI.git",
        "state": {
          "branch": null,
          "revision": "79666d42b882bf7921b1941fa7c636d681d77980",
          "version": "2.0.3"
        }
      },
      {
        "package": "RevenueCat",
        "repositoryURL": "https://github.com/RevenueCat/purchases-ios.git",
        "state": {
          "branch": null,
          "revision": "e90dec89a46199cc57eb53d1523ff8606edac276",
          "version": "5.30.0"
        }
      },
      {
        "package": "Runestone",
        "repositoryURL": "https://github.com/simonbs/Runestone",
        "state": {
          "branch": null,
          "revision": "1fad339aab99cf2136ce6bf8c32da3265b2e85e5",
          "version": "0.5.1"
        }
      },
      {
        "package": "SQLite.swift",
        "repositoryURL": "https://github.com/stephencelis/SQLite.swift",
        "state": {
          "branch": null,
          "revision": "392dd6058624d9f6c5b4c769d165ddd8c7293394",
          "version": "0.15.4"
        }
      },
      {
        "package": "swift-toolchain-sqlite",
        "repositoryURL": "https://github.com/swiftlang/swift-toolchain-sqlite",
        "state": {
          "branch": null,
          "revision": "b626d3002773b1a1304166643e7f118f724b2132",
          "version": "1.0.4"
        }
      },
      {
        "package": "SwiftCBOR",
        "repositoryURL": "https://github.com/unrelentingtech/SwiftCBOR",
        "state": {
          "branch": "master",
          "revision": "ea5ece79b0efde241495bfaa74eccceeffc382bc",
          "version": null
        }
      },
      {
        "package": "swiftui-cached-async-image",
        "repositoryURL": "https://github.com/lorenzofiamingo/swiftui-cached-async-image",
        "state": {
          "branch": "main",
          "revision": "4f111f2b7aab7ec52a60716cedb673df5203743c",
          "version": null
        }
      },
      {
        "package": "TreeSitter",
        "repositoryURL": "https://github.com/tree-sitter/tree-sitter",
        "state": {
          "branch": null,
          "revision": "98be227227af10cc7a269cb3ffb23686c0610b17",
          "version": "0.20.9"
        }
      },
      {
        "package": "TreeSitterLanguages",
        "repositoryURL": "https://github.com/simonbs/treesitterlanguages",
        "state": {
          "branch": null,
          "revision": "15cf3a9ec3ab95e0d058b7df9f35619123c9e02d",
          "version": "0.1.10"
        }
      },
      {
        "package": "ZIPFoundation",
        "repositoryURL": "https://github.com/weichsel/ZIPFoundation.git",
        "state": {
          "branch": null,
          "revision": "02b6abe5f6eef7e3cbd5f247c5cc24e246efcfe0",
          "version": "0.9.19"
        }
      }
    ]
  },
  "version": 1
}
